
Microsoft Visual Studio Solution File, Format Version 12.00
# Visual Studio 15
VisualStudioVersion = 15.0.33919.361
MinimumVisualStudioVersion = 10.0.40219.1
Project("{FAE04EC0-301F-11D3-BF4B-00C04F79EFBC}") = "Ble LocalName", "Ble LocalName\Ble LocalName.csproj", "{1E051FB2-BA0E-45B6-9576-FD2E11BEFE9D}"
EndProject
Global
	GlobalSection(SolutionConfigurationPlatforms) = preSolution
		Debug|Any CPU = Debug|Any CPU
		Release|Any CPU = Release|Any CPU
	EndGlobalSection
	GlobalSection(ProjectConfigurationPlatforms) = postSolution
		{1E051FB2-BA0E-45B6-9576-FD2E11BEFE9D}.Debug|Any CPU.ActiveCfg = Debug|Any CPU
		{1E051FB2-BA0E-45B6-9576-FD2E11BEFE9D}.Debug|Any CPU.Build.0 = Debug|Any CPU
		{1E051FB2-BA0E-45B6-9576-FD2E11BEFE9D}.Release|Any CPU.ActiveCfg = Release|Any CPU
		{1E051FB2-BA0E-45B6-9576-FD2E11BEFE9D}.Release|Any CPU.Build.0 = Release|Any CPU
	EndGlobalSection
	GlobalSection(SolutionProperties) = preSolution
		HideSolutionNode = FALSE
	EndGlobalSection
	GlobalSection(ExtensibilityGlobals) = postSolution
		SolutionGuid = {AB6167AE-EC29-4D44-95D5-9A415EFBB1E7}
	EndGlobalSection
EndGlobal
